
Microsoft Visual Studio Solution File, Format Version 12.00
# Visual Studio 14
VisualStudioVersion = 14.0.24720.0
MinimumVisualStudioVersion = 10.0.40219.1
Project("{FAE04EC0-301F-11D3-BF4B-00C04F79EFBC}") = "ExpressTreeDemo", "ExpressTreeDemo\ExpressTreeDemo.csproj", "{A6163B14-94F4-4117-B2BA-07002003A4CD}"
EndProject
Project("{FAE04EC0-301F-11D3-BF4B-00C04F79EFBC}") = "IocpApiTest", "IocpApiTest\IocpApiTest.csproj", "{6EE984C1-5F4E-4099-9E60-B245EA28227A}"
EndProject
Project("{FAE04EC0-301F-11D3-BF4B-00C04F79EFBC}") = "IocpThreadPool", "IocpThreadPool\IocpThreadPool.csproj", "{D4C1F201-2421-4E04-BFB7-CC60D6529E4C}"
EndProject
Project("{2150E333-8FDC-42A3-9474-1A3956D46DE8}") = "1-Iocp", "1-Iocp", "{E745755D-0EFC-463F-A188-5927F9BB5956}"
EndProject
Project("{2150E333-8FDC-42A3-9474-1A3956D46DE8}") = "2-Socket", "2-Socket", "{B0060AFD-F168-4018-B52A-26A0341C322F}"
EndProject
Project("{2150E333-8FDC-42A3-9474-1A3956D46DE8}") = "3-Other", "3-Other", "{180E8AB0-E56E-4EC8-93C4-CED950F426AB}"
EndProject
Project("{FAE04EC0-301F-11D3-BF4B-00C04F79EFBC}") = "AsyncSocketServer", "AsyncSocketServer\AsyncSocketServer.csproj", "{F7FBECAA-DF4F-4B92-9E5E-7AB0F2ACA409}"
EndProject
Project("{FAE04EC0-301F-11D3-BF4B-00C04F79EFBC}") = "AsyncSocketClient", "AsyncSocketClient\AsyncSocketClient.csproj", "{949EC2B9-E942-48E3-88DF-426DB732B0EE}"
EndProject
Global
	GlobalSection(SolutionConfigurationPlatforms) = preSolution
		Debug|Any CPU = Debug|Any CPU
		Release|Any CPU = Release|Any CPU
	EndGlobalSection
	GlobalSection(ProjectConfigurationPlatforms) = postSolution
		{A6163B14-94F4-4117-B2BA-07002003A4CD}.Debug|Any CPU.ActiveCfg = Debug|Any CPU
		{A6163B14-94F4-4117-B2BA-07002003A4CD}.Debug|Any CPU.Build.0 = Debug|Any CPU
		{A6163B14-94F4-4117-B2BA-07002003A4CD}.Release|Any CPU.ActiveCfg = Release|Any CPU
		{A6163B14-94F4-4117-B2BA-07002003A4CD}.Release|Any CPU.Build.0 = Release|Any CPU
		{6EE984C1-5F4E-4099-9E60-B245EA28227A}.Debug|Any CPU.ActiveCfg = Debug|Any CPU
		{6EE984C1-5F4E-4099-9E60-B245EA28227A}.Debug|Any CPU.Build.0 = Debug|Any CPU
		{6EE984C1-5F4E-4099-9E60-B245EA28227A}.Release|Any CPU.ActiveCfg = Release|Any CPU
		{6EE984C1-5F4E-4099-9E60-B245EA28227A}.Release|Any CPU.Build.0 = Release|Any CPU
		{D4C1F201-2421-4E04-BFB7-CC60D6529E4C}.Debug|Any CPU.ActiveCfg = Debug|Any CPU
		{D4C1F201-2421-4E04-BFB7-CC60D6529E4C}.Debug|Any CPU.Build.0 = Debug|Any CPU
		{D4C1F201-2421-4E04-BFB7-CC60D6529E4C}.Release|Any CPU.ActiveCfg = Release|Any CPU
		{D4C1F201-2421-4E04-BFB7-CC60D6529E4C}.Release|Any CPU.Build.0 = Release|Any CPU
		{F7FBECAA-DF4F-4B92-9E5E-7AB0F2ACA409}.Debug|Any CPU.ActiveCfg = Debug|Any CPU
		{F7FBECAA-DF4F-4B92-9E5E-7AB0F2ACA409}.Debug|Any CPU.Build.0 = Debug|Any CPU
		{F7FBECAA-DF4F-4B92-9E5E-7AB0F2ACA409}.Release|Any CPU.ActiveCfg = Release|Any CPU
		{F7FBECAA-DF4F-4B92-9E5E-7AB0F2ACA409}.Release|Any CPU.Build.0 = Release|Any CPU
		{949EC2B9-E942-48E3-88DF-426DB732B0EE}.Debug|Any CPU.ActiveCfg = Debug|Any CPU
		{949EC2B9-E942-48E3-88DF-426DB732B0EE}.Debug|Any CPU.Build.0 = Debug|Any CPU
		{949EC2B9-E942-48E3-88DF-426DB732B0EE}.Release|Any CPU.ActiveCfg = Release|Any CPU
		{949EC2B9-E942-48E3-88DF-426DB732B0EE}.Release|Any CPU.Build.0 = Release|Any CPU
	EndGlobalSection
	GlobalSection(SolutionProperties) = preSolution
		HideSolutionNode = FALSE
	EndGlobalSection
	GlobalSection(NestedProjects) = preSolution
		{A6163B14-94F4-4117-B2BA-07002003A4CD} = {180E8AB0-E56E-4EC8-93C4-CED950F426AB}
		{6EE984C1-5F4E-4099-9E60-B245EA28227A} = {E745755D-0EFC-463F-A188-5927F9BB5956}
		{D4C1F201-2421-4E04-BFB7-CC60D6529E4C} = {E745755D-0EFC-463F-A188-5927F9BB5956}
		{F7FBECAA-DF4F-4B92-9E5E-7AB0F2ACA409} = {B0060AFD-F168-4018-B52A-26A0341C322F}
		{949EC2B9-E942-48E3-88DF-426DB732B0EE} = {B0060AFD-F168-4018-B52A-26A0341C322F}
	EndGlobalSection
EndGlobal
